
Microsoft Visual Studio Solution File, Format Version 12.00
# Visual Studio Version 16
VisualStudioVersion = 16.0.29609.76
MinimumVisualStudioVersion = 10.0.40219.1
Project("{FAE04EC0-301F-11D3-BF4B-00C04F79EFBC}") = "Task1Tados", "Task1Tados\Task1Tados.csproj", "{6C2AEBDE-BC08-409F-B275-74D519FF61C1}"
EndProject
Global
	GlobalSection(SolutionConfigurationPlatforms) = preSolution
		Debug|Any CPU = Debug|Any CPU
		Release|Any CPU = Release|Any CPU
	EndGlobalSection
	GlobalSection(ProjectConfigurationPlatforms) = postSolution
		{6C2AEBDE-BC08-409F-B275-74D519FF61C1}.Debug|Any CPU.ActiveCfg = Debug|Any CPU
		{6C2AEBDE-BC08-409F-B275-74D519FF61C1}.Debug|Any CPU.Build.0 = Debug|Any CPU
		{6C2AEBDE-BC08-409F-B275-74D519FF61C1}.Release|Any CPU.ActiveCfg = Release|Any CPU
		{6C2AEBDE-BC08-409F-B275-74D519FF61C1}.Release|Any CPU.Build.0 = Release|Any CPU
	EndGlobalSection
	GlobalSection(SolutionProperties) = preSolution
		HideSolutionNode = FALSE
	EndGlobalSection
	GlobalSection(ExtensibilityGlobals) = postSolution
		SolutionGuid = {3FA4051D-DD8B-45DD-9E92-BCDDE3648A52}
	EndGlobalSection
EndGlobal
